// !$*UTF8*$!
{
	archiveVersion = 1;
	classes = {
	};
	objectVersion = 50;
	objects = {

/* Begin PBXBuildFile section */
		473EFBA225C8574600653691 /* Date+GetFormattedDate.swift in Sources */ = {isa = PBXBuildFile; fileRef = 473EFB9F25C8574600653691 /* Date+GetFormattedDate.swift */; };
		473EFBA325C8574600653691 /* String+ToDate.swift in Sources */ = {isa = PBXBuildFile; fileRef = 473EFBA025C8574600653691 /* String+ToDate.swift */; };
		4779422825C59EF5005082D1 /* AppDelegate.swift in Sources */ = {isa = PBXBuildFile; fileRef = 4779422725C59EF5005082D1 /* AppDelegate.swift */; };
		4779422A25C59EF5005082D1 /* SceneDelegate.swift in Sources */ = {isa = PBXBuildFile; fileRef = 4779422925C59EF5005082D1 /* SceneDelegate.swift */; };
		4779422F25C59EF5005082D1 /* Main.storyboard in Resources */ = {isa = PBXBuildFile; fileRef = 4779422D25C59EF5005082D1 /* Main.storyboard */; };
		4779423225C59EF5005082D1 /* NewsApp.xcdatamodeld in Sources */ = {isa = PBXBuildFile; fileRef = 4779423025C59EF5005082D1 /* NewsApp.xcdatamodeld */; };
		4779423425C59EFA005082D1 /* Assets.xcassets in Resources */ = {isa = PBXBuildFile; fileRef = 4779423325C59EFA005082D1 /* Assets.xcassets */; };
		4779423725C59EFA005082D1 /* LaunchScreen.storyboard in Resources */ = {isa = PBXBuildFile; fileRef = 4779423525C59EFA005082D1 /* LaunchScreen.storyboard */; };
		4779425F25C5C0E7005082D1 /* NewsListViewController.swift in Sources */ = {isa = PBXBuildFile; fileRef = 4779425E25C5C0E7005082D1 /* NewsListViewController.swift */; };
		4779426125C5C0FE005082D1 /* NewsDetialViewController.swift in Sources */ = {isa = PBXBuildFile; fileRef = 4779426025C5C0FE005082D1 /* NewsDetialViewController.swift */; };
		4779426525C5C450005082D1 /* ImageTableCellViewModel.swift in Sources */ = {isa = PBXBuildFile; fileRef = 4779426425C5C450005082D1 /* ImageTableCellViewModel.swift */; };
		4779426725C5C482005082D1 /* ImageTableViewCell.swift in Sources */ = {isa = PBXBuildFile; fileRef = 4779426625C5C482005082D1 /* ImageTableViewCell.swift */; };
		4779426A25C5C4F0005082D1 /* AditionalInfoTableCellViewModel.swift in Sources */ = {isa = PBXBuildFile; fileRef = 4779426925C5C4F0005082D1 /* AditionalInfoTableCellViewModel.swift */; };
		4779426C25C5C50D005082D1 /* AdditionalInfoTableViewCell.swift in Sources */ = {isa = PBXBuildFile; fileRef = 4779426B25C5C50C005082D1 /* AdditionalInfoTableViewCell.swift */; };
		4779427025C5C55F005082D1 /* DescriptionTableViewCell.swift in Sources */ = {isa = PBXBuildFile; fileRef = 4779426F25C5C55F005082D1 /* DescriptionTableViewCell.swift */; };
		4779427225C5C586005082D1 /* DescriptionTablleCellViewModel.swift in Sources */ = {isa = PBXBuildFile; fileRef = 4779427125C5C586005082D1 /* DescriptionTablleCellViewModel.swift */; };
		4779427525C5C5DF005082D1 /* NewsDetailViewModel.swift in Sources */ = {isa = PBXBuildFile; fileRef = 4779427425C5C5DF005082D1 /* NewsDetailViewModel.swift */; };
		4779427D25C5C67C005082D1 /* NewsListModel.swift in Sources */ = {isa = PBXBuildFile; fileRef = 4779427C25C5C67C005082D1 /* NewsListModel.swift */; };
		4779428125C5C700005082D1 /* NewsListImageViewModel.swift in Sources */ = {isa = PBXBuildFile; fileRef = 4779428025C5C700005082D1 /* NewsListImageViewModel.swift */; };
		4779428325C5C735005082D1 /* NewsListImageViewTableViewCell.swift in Sources */ = {isa = PBXBuildFile; fileRef = 4779428225C5C735005082D1 /* NewsListImageViewTableViewCell.swift */; };
		4779428525C5C767005082D1 /* NewsListViewModel.swift in Sources */ = {isa = PBXBuildFile; fileRef = 4779428425C5C767005082D1 /* NewsListViewModel.swift */; };
		4779428825C5D819005082D1 /* Observable.swift in Sources */ = {isa = PBXBuildFile; fileRef = 4779428725C5D819005082D1 /* Observable.swift */; };
		47DCCC1025D41E9800365748 /* PhotosDownloadOperation.swift in Sources */ = {isa = PBXBuildFile; fileRef = 47DCCBFB25D41E9700365748 /* PhotosDownloadOperation.swift */; };
		47DCCC1125D41E9800365748 /* PhotoDownloader.swift in Sources */ = {isa = PBXBuildFile; fileRef = 47DCCBFC25D41E9700365748 /* PhotoDownloader.swift */; };
		47DCCC1225D41E9800365748 /* PhotoDownloadEndPoint.swift in Sources */ = {isa = PBXBuildFile; fileRef = 47DCCBFD25D41E9700365748 /* PhotoDownloadEndPoint.swift */; };
		47DCCC1325D41E9800365748 /* AppCoordinator.swift in Sources */ = {isa = PBXBuildFile; fileRef = 47DCCBFF25D41E9800365748 /* AppCoordinator.swift */; };
		47DCCC1425D41E9800365748 /* NewsListCoordinator.swift in Sources */ = {isa = PBXBuildFile; fileRef = 47DCCC0025D41E9800365748 /* NewsListCoordinator.swift */; };
		47DCCC1525D41E9800365748 /* Storyboarded.swift in Sources */ = {isa = PBXBuildFile; fileRef = 47DCCC0125D41E9800365748 /* Storyboarded.swift */; };
		47DCCC1625D41E9800365748 /* Router.swift in Sources */ = {isa = PBXBuildFile; fileRef = 47DCCC0225D41E9800365748 /* Router.swift */; };
		47DCCC1825D41E9800365748 /* Coordinator.swift in Sources */ = {isa = PBXBuildFile; fileRef = 47DCCC0425D41E9800365748 /* Coordinator.swift */; };
		47DCCC1925D41E9800365748 /* ParameterEncoding.swift in Sources */ = {isa = PBXBuildFile; fileRef = 47DCCC0725D41E9800365748 /* ParameterEncoding.swift */; };
		47DCCC1A25D41E9800365748 /* URLParameterEncoder.swift in Sources */ = {isa = PBXBuildFile; fileRef = 47DCCC0825D41E9800365748 /* URLParameterEncoder.swift */; };
		47DCCC1B25D41E9800365748 /* JSONParameterEncoder.swift in Sources */ = {isa = PBXBuildFile; fileRef = 47DCCC0925D41E9800365748 /* JSONParameterEncoder.swift */; };
		47DCCC1C25D41E9800365748 /* NetworkError.swift in Sources */ = {isa = PBXBuildFile; fileRef = 47DCCC0A25D41E9800365748 /* NetworkError.swift */; };
		47DCCC1D25D41E9800365748 /* NetworkOperation.swift in Sources */ = {isa = PBXBuildFile; fileRef = 47DCCC0C25D41E9800365748 /* NetworkOperation.swift */; };
		47DCCC1E25D41E9800365748 /* NetworkRouter.swift in Sources */ = {isa = PBXBuildFile; fileRef = 47DCCC0D25D41E9800365748 /* NetworkRouter.swift */; };
		47DCCC1F25D41E9800365748 /* Parsing.swift in Sources */ = {isa = PBXBuildFile; fileRef = 47DCCC0E25D41E9800365748 /* Parsing.swift */; };
		47DCCC2025D41E9800365748 /* EndPointType.swift in Sources */ = {isa = PBXBuildFile; fileRef = 47DCCC0F25D41E9800365748 /* EndPointType.swift */; };
		47DCCC2625D4201400365748 /* NewsListUseCase.swift in Sources */ = {isa = PBXBuildFile; fileRef = 47DCCC2225D4201400365748 /* NewsListUseCase.swift */; };
		47DCCC2725D4201400365748 /* NewsEndPoint.swift in Sources */ = {isa = PBXBuildFile; fileRef = 47DCCC2425D4201400365748 /* NewsEndPoint.swift */; };
		47DCCC2825D4201400365748 /* NewsListRepository.swift in Sources */ = {isa = PBXBuildFile; fileRef = 47DCCC2525D4201400365748 /* NewsListRepository.swift */; };
		47DCCC3825D42FF400365748 /* NewsDetailUseCase.swift in Sources */ = {isa = PBXBuildFile; fileRef = 47DCCC3225D42FF400365748 /* NewsDetailUseCase.swift */; };
		47DCCC3A25D42FF400365748 /* NewsDetailRepository.swift in Sources */ = {isa = PBXBuildFile; fileRef = 47DCCC3525D42FF400365748 /* NewsDetailRepository.swift */; };
		47DCCC3D25D43DF000365748 /* NewsDetailCoordinator.swift in Sources */ = {isa = PBXBuildFile; fileRef = 47DCCC3C25D43DEF00365748 /* NewsDetailCoordinator.swift */; };
		47DCCC4325D45D4C00365748 /* LikeCommentModel.swift in Sources */ = {isa = PBXBuildFile; fileRef = 47DCCC4225D45D4C00365748 /* LikeCommentModel.swift */; };
		47DCCC4525D4633100365748 /* NewsListUseCasesTest.swift in Sources */ = {isa = PBXBuildFile; fileRef = 47DCCC4425D4633100365748 /* NewsListUseCasesTest.swift */; };
		47DCCC4725D4636600365748 /* NewsListViewModelTest.swift in Sources */ = {isa = PBXBuildFile; fileRef = 47DCCC4625D4636600365748 /* NewsListViewModelTest.swift */; };
		47DCCC4D25D4651A00365748 /* NewsDetailUseCasesTest.swift in Sources */ = {isa = PBXBuildFile; fileRef = 47DCCC4C25D4651A00365748 /* NewsDetailUseCasesTest.swift */; };
		47DCCC4F25D4659900365748 /* NewsAppUITests.swift in Sources */ = {isa = PBXBuildFile; fileRef = 47DCCC4E25D4659900365748 /* NewsAppUITests.swift */; };
/* End PBXBuildFile section */

/* Begin PBXContainerItemProxy section */
		4779423E25C59EFA005082D1 /* PBXContainerItemProxy */ = {
			isa = PBXContainerItemProxy;
			containerPortal = 4779421C25C59EF5005082D1 /* Project object */;
			proxyType = 1;
			remoteGlobalIDString = 4779422325C59EF5005082D1;
			remoteInfo = NewsApp;
		};
/* End PBXContainerItemProxy section */

/* Begin PBXFileReference section */
		473EFB9F25C8574600653691 /* Date+GetFormattedDate.swift */ = {isa = PBXFileReference; fileEncoding = 4; lastKnownFileType = sourcecode.swift; path = "Date+GetFormattedDate.swift"; sourceTree = "<group>"; };
		473EFBA025C8574600653691 /* String+ToDate.swift */ = {isa = PBXFileReference; fileEncoding = 4; lastKnownFileType = sourcecode.swift; path = "String+ToDate.swift"; sourceTree = "<group>"; };
		4779422425C59EF5005082D1 /* NewsApp.app */ = {isa = PBXFileReference; explicitFileType = wrapper.application; includeInIndex = 0; path = NewsApp.app; sourceTree = BUILT_PRODUCTS_DIR; };
		4779422725C59EF5005082D1 /* AppDelegate.swift */ = {isa = PBXFileReference; lastKnownFileType = sourcecode.swift; path = AppDelegate.swift; sourceTree = "<group>"; };
		4779422925C59EF5005082D1 /* SceneDelegate.swift */ = {isa = PBXFileReference; lastKnownFileType = sourcecode.swift; path = SceneDelegate.swift; sourceTree = "<group>"; };
		4779422E25C59EF5005082D1 /* Base */ = {isa = PBXFileReference; lastKnownFileType = file.storyboard; name = Base; path = Base.lproj/Main.storyboard; sourceTree = "<group>"; };
		4779423125C59EF5005082D1 /* NewsApp.xcdatamodel */ = {isa = PBXFileReference; lastKnownFileType = wrapper.xcdatamodel; path = NewsApp.xcdatamodel; sourceTree = "<group>"; };
		4779423325C59EFA005082D1 /* Assets.xcassets */ = {isa = PBXFileReference; lastKnownFileType = folder.assetcatalog; path = Assets.xcassets; sourceTree = "<group>"; };
		4779423625C59EFA005082D1 /* Base */ = {isa = PBXFileReference; lastKnownFileType = file.storyboard; name = Base; path = Base.lproj/LaunchScreen.storyboard; sourceTree = "<group>"; };
		4779423825C59EFA005082D1 /* Info.plist */ = {isa = PBXFileReference; lastKnownFileType = text.plist.xml; path = Info.plist; sourceTree = "<group>"; };
		4779423D25C59EFA005082D1 /* NewsAppTests.xctest */ = {isa = PBXFileReference; explicitFileType = wrapper.cfbundle; includeInIndex = 0; path = NewsAppTests.xctest; sourceTree = BUILT_PRODUCTS_DIR; };
		4779424325C59EFA005082D1 /* Info.plist */ = {isa = PBXFileReference; lastKnownFileType = text.plist.xml; path = Info.plist; sourceTree = "<group>"; };
		4779425E25C5C0E7005082D1 /* NewsListViewController.swift */ = {isa = PBXFileReference; lastKnownFileType = sourcecode.swift; name = NewsListViewController.swift; path = NewsApp/NewsList/View/NewsListViewController.swift; sourceTree = SOURCE_ROOT; };
		4779426025C5C0FE005082D1 /* NewsDetialViewController.swift */ = {isa = PBXFileReference; lastKnownFileType = sourcecode.swift; path = NewsDetialViewController.swift; sourceTree = "<group>"; };
		4779426425C5C450005082D1 /* ImageTableCellViewModel.swift */ = {isa = PBXFileReference; lastKnownFileType = sourcecode.swift; path = ImageTableCellViewModel.swift; sourceTree = "<group>"; };
		4779426625C5C482005082D1 /* ImageTableViewCell.swift */ = {isa = PBXFileReference; lastKnownFileType = sourcecode.swift; path = ImageTableViewCell.swift; sourceTree = "<group>"; };
		4779426925C5C4F0005082D1 /* AditionalInfoTableCellViewModel.swift */ = {isa = PBXFileReference; lastKnownFileType = sourcecode.swift; path = AditionalInfoTableCellViewModel.swift; sourceTree = "<group>"; };
		4779426B25C5C50C005082D1 /* AdditionalInfoTableViewCell.swift */ = {isa = PBXFileReference; lastKnownFileType = sourcecode.swift; path = AdditionalInfoTableViewCell.swift; sourceTree = "<group>"; };
		4779426F25C5C55F005082D1 /* DescriptionTableViewCell.swift */ = {isa = PBXFileReference; lastKnownFileType = sourcecode.swift; path = DescriptionTableViewCell.swift; sourceTree = "<group>"; };
		4779427125C5C586005082D1 /* DescriptionTablleCellViewModel.swift */ = {isa = PBXFileReference; lastKnownFileType = sourcecode.swift; path = DescriptionTablleCellViewModel.swift; sourceTree = "<group>"; };
		4779427425C5C5DF005082D1 /* NewsDetailViewModel.swift */ = {isa = PBXFileReference; lastKnownFileType = sourcecode.swift; path = NewsDetailViewModel.swift; sourceTree = "<group>"; };
		4779427C25C5C67C005082D1 /* NewsListModel.swift */ = {isa = PBXFileReference; lastKnownFileType = sourcecode.swift; path = NewsListModel.swift; sourceTree = "<group>"; };
		4779428025C5C700005082D1 /* NewsListImageViewModel.swift */ = {isa = PBXFileReference; lastKnownFileType = sourcecode.swift; path = NewsListImageViewModel.swift; sourceTree = "<group>"; };
		4779428225C5C735005082D1 /* NewsListImageViewTableViewCell.swift */ = {isa = PBXFileReference; lastKnownFileType = sourcecode.swift; path = NewsListImageViewTableViewCell.swift; sourceTree = "<group>"; };
		4779428425C5C767005082D1 /* NewsListViewModel.swift */ = {isa = PBXFileReference; lastKnownFileType = sourcecode.swift; path = NewsListViewModel.swift; sourceTree = "<group>"; };
		4779428725C5D819005082D1 /* Observable.swift */ = {isa = PBXFileReference; lastKnownFileType = sourcecode.swift; path = Observable.swift; sourceTree = "<group>"; };
		47DCCBFB25D41E9700365748 /* PhotosDownloadOperation.swift */ = {isa = PBXFileReference; fileEncoding = 4; lastKnownFileType = sourcecode.swift; path = PhotosDownloadOperation.swift; sourceTree = "<group>"; };
		47DCCBFC25D41E9700365748 /* PhotoDownloader.swift */ = {isa = PBXFileReference; fileEncoding = 4; lastKnownFileType = sourcecode.swift; path = PhotoDownloader.swift; sourceTree = "<group>"; };
		47DCCBFD25D41E9700365748 /* PhotoDownloadEndPoint.swift */ = {isa = PBXFileReference; fileEncoding = 4; lastKnownFileType = sourcecode.swift; path = PhotoDownloadEndPoint.swift; sourceTree = "<group>"; };
		47DCCBFF25D41E9800365748 /* AppCoordinator.swift */ = {isa = PBXFileReference; fileEncoding = 4; lastKnownFileType = sourcecode.swift; path = AppCoordinator.swift; sourceTree = "<group>"; };
		47DCCC0025D41E9800365748 /* NewsListCoordinator.swift */ = {isa = PBXFileReference; fileEncoding = 4; lastKnownFileType = sourcecode.swift; path = NewsListCoordinator.swift; sourceTree = "<group>"; };
		47DCCC0125D41E9800365748 /* Storyboarded.swift */ = {isa = PBXFileReference; fileEncoding = 4; lastKnownFileType = sourcecode.swift; path = Storyboarded.swift; sourceTree = "<group>"; };
		47DCCC0225D41E9800365748 /* Router.swift */ = {isa = PBXFileReference; fileEncoding = 4; lastKnownFileType = sourcecode.swift; path = Router.swift; sourceTree = "<group>"; };
		47DCCC0425D41E9800365748 /* Coordinator.swift */ = {isa = PBXFileReference; fileEncoding = 4; lastKnownFileType = sourcecode.swift; path = Coordinator.swift; sourceTree = "<group>"; };
		47DCCC0725D41E9800365748 /* ParameterEncoding.swift */ = {isa = PBXFileReference; fileEncoding = 4; lastKnownFileType = sourcecode.swift; path = ParameterEncoding.swift; sourceTree = "<group>"; };
		47DCCC0825D41E9800365748 /* URLParameterEncoder.swift */ = {isa = PBXFileReference; fileEncoding = 4; lastKnownFileType = sourcecode.swift; path = URLParameterEncoder.swift; sourceTree = "<group>"; };
		47DCCC0925D41E9800365748 /* JSONParameterEncoder.swift */ = {isa = PBXFileReference; fileEncoding = 4; lastKnownFileType = sourcecode.swift; path = JSONParameterEncoder.swift; sourceTree = "<group>"; };
		47DCCC0A25D41E9800365748 /* NetworkError.swift */ = {isa = PBXFileReference; fileEncoding = 4; lastKnownFileType = sourcecode.swift; path = NetworkError.swift; sourceTree = "<group>"; };
		47DCCC0C25D41E9800365748 /* NetworkOperation.swift */ = {isa = PBXFileReference; fileEncoding = 4; lastKnownFileType = sourcecode.swift; path = NetworkOperation.swift; sourceTree = "<group>"; };
		47DCCC0D25D41E9800365748 /* NetworkRouter.swift */ = {isa = PBXFileReference; fileEncoding = 4; lastKnownFileType = sourcecode.swift; path = NetworkRouter.swift; sourceTree = "<group>"; };
		47DCCC0E25D41E9800365748 /* Parsing.swift */ = {isa = PBXFileReference; fileEncoding = 4; lastKnownFileType = sourcecode.swift; path = Parsing.swift; sourceTree = "<group>"; };
		47DCCC0F25D41E9800365748 /* EndPointType.swift */ = {isa = PBXFileReference; fileEncoding = 4; lastKnownFileType = sourcecode.swift; path = EndPointType.swift; sourceTree = "<group>"; };
		47DCCC2225D4201400365748 /* NewsListUseCase.swift */ = {isa = PBXFileReference; fileEncoding = 4; lastKnownFileType = sourcecode.swift; path = NewsListUseCase.swift; sourceTree = "<group>"; };
		47DCCC2425D4201400365748 /* NewsEndPoint.swift */ = {isa = PBXFileReference; fileEncoding = 4; lastKnownFileType = sourcecode.swift; path = NewsEndPoint.swift; sourceTree = "<group>"; };
		47DCCC2525D4201400365748 /* NewsListRepository.swift */ = {isa = PBXFileReference; fileEncoding = 4; lastKnownFileType = sourcecode.swift; path = NewsListRepository.swift; sourceTree = "<group>"; };
		47DCCC3225D42FF400365748 /* NewsDetailUseCase.swift */ = {isa = PBXFileReference; fileEncoding = 4; lastKnownFileType = sourcecode.swift; path = NewsDetailUseCase.swift; sourceTree = "<group>"; };
		47DCCC3525D42FF400365748 /* NewsDetailRepository.swift */ = {isa = PBXFileReference; fileEncoding = 4; lastKnownFileType = sourcecode.swift; path = NewsDetailRepository.swift; sourceTree = "<group>"; };
		47DCCC3C25D43DEF00365748 /* NewsDetailCoordinator.swift */ = {isa = PBXFileReference; fileEncoding = 4; lastKnownFileType = sourcecode.swift; path = NewsDetailCoordinator.swift; sourceTree = "<group>"; };
		47DCCC4225D45D4C00365748 /* LikeCommentModel.swift */ = {isa = PBXFileReference; fileEncoding = 4; lastKnownFileType = sourcecode.swift; path = LikeCommentModel.swift; sourceTree = "<group>"; };
		47DCCC4425D4633100365748 /* NewsListUseCasesTest.swift */ = {isa = PBXFileReference; lastKnownFileType = sourcecode.swift; path = NewsListUseCasesTest.swift; sourceTree = "<group>"; };
		47DCCC4625D4636600365748 /* NewsListViewModelTest.swift */ = {isa = PBXFileReference; lastKnownFileType = sourcecode.swift; path = NewsListViewModelTest.swift; sourceTree = "<group>"; };
		47DCCC4C25D4651A00365748 /* NewsDetailUseCasesTest.swift */ = {isa = PBXFileReference; lastKnownFileType = sourcecode.swift; path = NewsDetailUseCasesTest.swift; sourceTree = "<group>"; };
		47DCCC4E25D4659900365748 /* NewsAppUITests.swift */ = {isa = PBXFileReference; lastKnownFileType = sourcecode.swift; path = NewsAppUITests.swift; sourceTree = "<group>"; };
/* End PBXFileReference section */

/* Begin PBXFrameworksBuildPhase section */
		4779422125C59EF5005082D1 /* Frameworks */ = {
			isa = PBXFrameworksBuildPhase;
			buildActionMask = 2147483647;
			files = (
			);
			runOnlyForDeploymentPostprocessing = 0;
		};
		4779423A25C59EFA005082D1 /* Frameworks */ = {
			isa = PBXFrameworksBuildPhase;
			buildActionMask = 2147483647;
			files = (
			);
			runOnlyForDeploymentPostprocessing = 0;
		};
/* End PBXFrameworksBuildPhase section */

/* Begin PBXGroup section */
		473EFB9E25C8574600653691 /* Extension */ = {
			isa = PBXGroup;
			children = (
				473EFB9F25C8574600653691 /* Date+GetFormattedDate.swift */,
				473EFBA025C8574600653691 /* String+ToDate.swift */,
			);
			path = Extension;
			sourceTree = "<group>";
		};
		4779421B25C59EF5005082D1 = {
			isa = PBXGroup;
			children = (
				4779422625C59EF5005082D1 /* NewsApp */,
				4779422525C59EF5005082D1 /* Products */,
				4779424025C59EFA005082D1 /* NewsAppTests */,
			);
			sourceTree = "<group>";
		};
		4779422525C59EF5005082D1 /* Products */ = {
			isa = PBXGroup;
			children = (
				4779422425C59EF5005082D1 /* NewsApp.app */,
				4779423D25C59EFA005082D1 /* NewsAppTests.xctest */,
			);
			name = Products;
			path = NewsApp/APIHandler;
			sourceTree = "<group>";
		};
		4779422625C59EF5005082D1 /* NewsApp */ = {
			isa = PBXGroup;
			children = (
				473EFB9E25C8574600653691 /* Extension */,
				47DCCBFE25D41E9800365748 /* Coordinators */,
				47DCCC0525D41E9800365748 /* NetworkLayer */,
				47DCCBFA25D41E9700365748 /* Photos Operation */,
				4779428625C5D7FE005082D1 /* Observable */,
				4779425A25C5C093005082D1 /* NewsList */,
				4779425B25C5C0A4005082D1 /* NewsDetail */,
				4779422725C59EF5005082D1 /* AppDelegate.swift */,
				4779422925C59EF5005082D1 /* SceneDelegate.swift */,
				4779423325C59EFA005082D1 /* Assets.xcassets */,
				4779422D25C59EF5005082D1 /* Main.storyboard */,
				4779423525C59EFA005082D1 /* LaunchScreen.storyboard */,
				4779423825C59EFA005082D1 /* Info.plist */,
				4779423025C59EF5005082D1 /* NewsApp.xcdatamodeld */,
			);
			path = NewsApp;
			sourceTree = "<group>";
		};
		4779424025C59EFA005082D1 /* NewsAppTests */ = {
			isa = PBXGroup;
			children = (
				47DCCC4425D4633100365748 /* NewsListUseCasesTest.swift */,
				47DCCC4625D4636600365748 /* NewsListViewModelTest.swift */,
				47DCCC4C25D4651A00365748 /* NewsDetailUseCasesTest.swift */,
				4779424325C59EFA005082D1 /* Info.plist */,
				47DCCC4E25D4659900365748 /* NewsAppUITests.swift */,
			);
			path = NewsAppTests;
			sourceTree = "<group>";
		};
		4779425A25C5C093005082D1 /* NewsList */ = {
			isa = PBXGroup;
			children = (
				47DCCC2325D4201400365748 /* Repository */,
				47DCCC2125D4201400365748 /* UseCases */,
				4779425D25C5C0BF005082D1 /* View */,
				4779427925C5C62B005082D1 /* ViewModel */,
				4779427B25C5C63B005082D1 /* Model */,
			);
			path = NewsList;
			sourceTree = "<group>";
		};
		4779425B25C5C0A4005082D1 /* NewsDetail */ = {
			isa = PBXGroup;
			children = (
				47DCCC4125D45D4C00365748 /* Model */,
				47DCCC3325D42FF400365748 /* Repository */,
				47DCCC3125D42FF400365748 /* UseCases */,
				4779425C25C5C0B6005082D1 /* View */,
				4779427325C5C5B0005082D1 /* ViewModel */,
			);
			path = NewsDetail;
			sourceTree = "<group>";
		};
		4779425C25C5C0B6005082D1 /* View */ = {
			isa = PBXGroup;
			children = (
				4779426625C5C482005082D1 /* ImageTableViewCell.swift */,
				4779426B25C5C50C005082D1 /* AdditionalInfoTableViewCell.swift */,
				4779426F25C5C55F005082D1 /* DescriptionTableViewCell.swift */,
				4779426025C5C0FE005082D1 /* NewsDetialViewController.swift */,
			);
			path = View;
			sourceTree = "<group>";
		};
		4779425D25C5C0BF005082D1 /* View */ = {
			isa = PBXGroup;
			children = (
				4779428225C5C735005082D1 /* NewsListImageViewTableViewCell.swift */,
				4779425E25C5C0E7005082D1 /* NewsListViewController.swift */,
			);
			path = View;
			sourceTree = "<group>";
		};
		4779427325C5C5B0005082D1 /* ViewModel */ = {
			isa = PBXGroup;
			children = (
				4779426425C5C450005082D1 /* ImageTableCellViewModel.swift */,
				4779426925C5C4F0005082D1 /* AditionalInfoTableCellViewModel.swift */,
				4779427125C5C586005082D1 /* DescriptionTablleCellViewModel.swift */,
				4779427425C5C5DF005082D1 /* NewsDetailViewModel.swift */,
			);
			path = ViewModel;
			sourceTree = "<group>";
		};
		4779427925C5C62B005082D1 /* ViewModel */ = {
			isa = PBXGroup;
			children = (
				4779428025C5C700005082D1 /* NewsListImageViewModel.swift */,
				4779428425C5C767005082D1 /* NewsListViewModel.swift */,
			);
			path = ViewModel;
			sourceTree = "<group>";
		};
		4779427B25C5C63B005082D1 /* Model */ = {
			isa = PBXGroup;
			children = (
				4779427C25C5C67C005082D1 /* NewsListModel.swift */,
			);
			path = Model;
			sourceTree = "<group>";
		};
		4779428625C5D7FE005082D1 /* Observable */ = {
			isa = PBXGroup;
			children = (
				4779428725C5D819005082D1 /* Observable.swift */,
			);
			path = Observable;
			sourceTree = "<group>";
		};
		47DCCBFA25D41E9700365748 /* Photos Operation */ = {
			isa = PBXGroup;
			children = (
				47DCCBFB25D41E9700365748 /* PhotosDownloadOperation.swift */,
				47DCCBFC25D41E9700365748 /* PhotoDownloader.swift */,
				47DCCBFD25D41E9700365748 /* PhotoDownloadEndPoint.swift */,
			);
			path = "Photos Operation";
			sourceTree = "<group>";
		};
		47DCCBFE25D41E9800365748 /* Coordinators */ = {
			isa = PBXGroup;
			children = (
				47DCCC0125D41E9800365748 /* Storyboarded.swift */,
				47DCCC0225D41E9800365748 /* Router.swift */,
				47DCCC0425D41E9800365748 /* Coordinator.swift */,
				47DCCBFF25D41E9800365748 /* AppCoordinator.swift */,
				47DCCC0025D41E9800365748 /* NewsListCoordinator.swift */,
				47DCCC3C25D43DEF00365748 /* NewsDetailCoordinator.swift */,
			);
			path = Coordinators;
			sourceTree = "<group>";
		};
		47DCCC0525D41E9800365748 /* NetworkLayer */ = {
			isa = PBXGroup;
			children = (
				47DCCC0625D41E9800365748 /* Encoding */,
				47DCCC0B25D41E9800365748 /* Service */,
			);
			path = NetworkLayer;
			sourceTree = "<group>";
		};
		47DCCC0625D41E9800365748 /* Encoding */ = {
			isa = PBXGroup;
			children = (
				47DCCC0725D41E9800365748 /* ParameterEncoding.swift */,
				47DCCC0825D41E9800365748 /* URLParameterEncoder.swift */,
				47DCCC0925D41E9800365748 /* JSONParameterEncoder.swift */,
				47DCCC0A25D41E9800365748 /* NetworkError.swift */,
			);
			path = Encoding;
			sourceTree = "<group>";
		};
		47DCCC0B25D41E9800365748 /* Service */ = {
			isa = PBXGroup;
			children = (
				47DCCC0C25D41E9800365748 /* NetworkOperation.swift */,
				47DCCC0D25D41E9800365748 /* NetworkRouter.swift */,
				47DCCC0E25D41E9800365748 /* Parsing.swift */,
				47DCCC0F25D41E9800365748 /* EndPointType.swift */,
			);
			path = Service;
			sourceTree = "<group>";
		};
		47DCCC2125D4201400365748 /* UseCases */ = {
			isa = PBXGroup;
			children = (
				47DCCC2225D4201400365748 /* NewsListUseCase.swift */,
			);
			path = UseCases;
			sourceTree = "<group>";
		};
		47DCCC2325D4201400365748 /* Repository */ = {
			isa = PBXGroup;
			children = (
				47DCCC2425D4201400365748 /* NewsEndPoint.swift */,
				47DCCC2525D4201400365748 /* NewsListRepository.swift */,
			);
			path = Repository;
			sourceTree = "<group>";
		};
		47DCCC3125D42FF400365748 /* UseCases */ = {
			isa = PBXGroup;
			children = (
				47DCCC3225D42FF400365748 /* NewsDetailUseCase.swift */,
			);
			path = UseCases;
			sourceTree = "<group>";
		};
		47DCCC3325D42FF400365748 /* Repository */ = {
			isa = PBXGroup;
			children = (
				47DCCC3525D42FF400365748 /* NewsDetailRepository.swift */,
			);
			path = Repository;
			sourceTree = "<group>";
		};
		47DCCC4125D45D4C00365748 /* Model */ = {
			isa = PBXGroup;
			children = (
				47DCCC4225D45D4C00365748 /* LikeCommentModel.swift */,
			);
			path = Model;
			sourceTree = "<group>";
		};
/* End PBXGroup section */

/* Begin PBXNativeTarget section */
		4779422325C59EF5005082D1 /* NewsApp */ = {
			isa = PBXNativeTarget;
			buildConfigurationList = 4779425125C59EFA005082D1 /* Build configuration list for PBXNativeTarget "NewsApp" */;
			buildPhases = (
				4779422025C59EF5005082D1 /* Sources */,
				4779422125C59EF5005082D1 /* Frameworks */,
				4779422225C59EF5005082D1 /* Resources */,
			);
			buildRules = (
			);
			dependencies = (
			);
			name = NewsApp;
			productName = NewsApp;
			productReference = 4779422425C59EF5005082D1 /* NewsApp.app */;
			productType = "com.apple.product-type.application";
		};
		4779423C25C59EFA005082D1 /* NewsAppTests */ = {
			isa = PBXNativeTarget;
			buildConfigurationList = 4779425425C59EFA005082D1 /* Build configuration list for PBXNativeTarget "NewsAppTests" */;
			buildPhases = (
				4779423925C59EFA005082D1 /* Sources */,
				4779423A25C59EFA005082D1 /* Frameworks */,
				4779423B25C59EFA005082D1 /* Resources */,
			);
			buildRules = (
			);
			dependencies = (
				4779423F25C59EFA005082D1 /* PBXTargetDependency */,
			);
			name = NewsAppTests;
			productName = NewsAppTests;
			productReference = 4779423D25C59EFA005082D1 /* NewsAppTests.xctest */;
			productType = "com.apple.product-type.bundle.unit-test";
		};
/* End PBXNativeTarget section */

/* Begin PBXProject section */
		4779421C25C59EF5005082D1 /* Project object */ = {
			isa = PBXProject;
			attributes = {
				LastSwiftUpdateCheck = 1110;
				LastUpgradeCheck = 1110;
				ORGANIZATIONNAME = Self;
				TargetAttributes = {
					4779422325C59EF5005082D1 = {
						CreatedOnToolsVersion = 11.1;
					};
					4779423C25C59EFA005082D1 = {
						CreatedOnToolsVersion = 11.1;
						TestTargetID = 4779422325C59EF5005082D1;
					};
				};
			};
			buildConfigurationList = 4779421F25C59EF5005082D1 /* Build configuration list for PBXProject "NewsApp" */;
			compatibilityVersion = "Xcode 9.3";
			developmentRegion = en;
			hasScannedForEncodings = 0;
			knownRegions = (
				en,
				Base,
			);
			mainGroup = 4779421B25C59EF5005082D1;
			productRefGroup = 4779422525C59EF5005082D1 /* Products */;
			projectDirPath = "";
			projectRoot = "";
			targets = (
				4779422325C59EF5005082D1 /* NewsApp */,
				4779423C25C59EFA005082D1 /* NewsAppTests */,
			);
		};
/* End PBXProject section */

/* Begin PBXResourcesBuildPhase section */
		4779422225C59EF5005082D1 /* Resources */ = {
			isa = PBXResourcesBuildPhase;
			buildActionMask = 2147483647;
			files = (
				4779423725C59EFA005082D1 /* LaunchScreen.storyboard in Resources */,
				4779423425C59EFA005082D1 /* Assets.xcassets in Resources */,
				4779422F25C59EF5005082D1 /* Main.storyboard in Resources */,
			);
			runOnlyForDeploymentPostprocessing = 0;
		};
		4779423B25C59EFA005082D1 /* Resources */ = {
			isa = PBXResourcesBuildPhase;
			buildActionMask = 2147483647;
			files = (
			);
			runOnlyForDeploymentPostprocessing = 0;
		};
/* End PBXResourcesBuildPhase section */

/* Begin PBXSourcesBuildPhase section */
		4779422025C59EF5005082D1 /* Sources */ = {
			isa = PBXSourcesBuildPhase;
			buildActionMask = 2147483647;
			files = (
				47DCCC2825D4201400365748 /* NewsListRepository.swift in Sources */,
				47DCCC1125D41E9800365748 /* PhotoDownloader.swift in Sources */,
				47DCCC2025D41E9800365748 /* EndPointType.swift in Sources */,
				47DCCC3D25D43DF000365748 /* NewsDetailCoordinator.swift in Sources */,
				47DCCC1F25D41E9800365748 /* Parsing.swift in Sources */,
				47DCCC1325D41E9800365748 /* AppCoordinator.swift in Sources */,
				47DCCC1E25D41E9800365748 /* NetworkRouter.swift in Sources */,
				4779428325C5C735005082D1 /* NewsListImageViewTableViewCell.swift in Sources */,
				47DCCC1225D41E9800365748 /* PhotoDownloadEndPoint.swift in Sources */,
				4779427D25C5C67C005082D1 /* NewsListModel.swift in Sources */,
				4779427525C5C5DF005082D1 /* NewsDetailViewModel.swift in Sources */,
				4779426A25C5C4F0005082D1 /* AditionalInfoTableCellViewModel.swift in Sources */,
				473EFBA325C8574600653691 /* String+ToDate.swift in Sources */,
				47DCCC1025D41E9800365748 /* PhotosDownloadOperation.swift in Sources */,
				4779428825C5D819005082D1 /* Observable.swift in Sources */,
				4779426725C5C482005082D1 /* ImageTableViewCell.swift in Sources */,
				4779428525C5C767005082D1 /* NewsListViewModel.swift in Sources */,
				47DCCC1B25D41E9800365748 /* JSONParameterEncoder.swift in Sources */,
				47DCCC3A25D42FF400365748 /* NewsDetailRepository.swift in Sources */,
				4779426125C5C0FE005082D1 /* NewsDetialViewController.swift in Sources */,
				47DCCC1D25D41E9800365748 /* NetworkOperation.swift in Sources */,
				4779425F25C5C0E7005082D1 /* NewsListViewController.swift in Sources */,
				47DCCC1425D41E9800365748 /* NewsListCoordinator.swift in Sources */,
				47DCCC2625D4201400365748 /* NewsListUseCase.swift in Sources */,
				473EFBA225C8574600653691 /* Date+GetFormattedDate.swift in Sources */,
				4779422825C59EF5005082D1 /* AppDelegate.swift in Sources */,
				4779426C25C5C50D005082D1 /* AdditionalInfoTableViewCell.swift in Sources */,
				4779427225C5C586005082D1 /* DescriptionTablleCellViewModel.swift in Sources */,
				47DCCC1625D41E9800365748 /* Router.swift in Sources */,
				4779428125C5C700005082D1 /* NewsListImageViewModel.swift in Sources */,
				47DCCC1A25D41E9800365748 /* URLParameterEncoder.swift in Sources */,
				4779427025C5C55F005082D1 /* DescriptionTableViewCell.swift in Sources */,
				47DCCC3825D42FF400365748 /* NewsDetailUseCase.swift in Sources */,
				47DCCC1825D41E9800365748 /* Coordinator.swift in Sources */,
				4779423225C59EF5005082D1 /* NewsApp.xcdatamodeld in Sources */,
				47DCCC2725D4201400365748 /* NewsEndPoint.swift in Sources */,
				47DCCC1925D41E9800365748 /* ParameterEncoding.swift in Sources */,
				47DCCC4325D45D4C00365748 /* LikeCommentModel.swift in Sources */,
				47DCCC1C25D41E9800365748 /* NetworkError.swift in Sources */,
				4779422A25C59EF5005082D1 /* SceneDelegate.swift in Sources */,
				4779426525C5C450005082D1 /* ImageTableCellViewModel.swift in Sources */,
				47DCCC1525D41E9800365748 /* Storyboarded.swift in Sources */,
			);
			runOnlyForDeploymentPostprocessing = 0;
		};
		4779423925C59EFA005082D1 /* Sources */ = {
			isa = PBXSourcesBuildPhase;
			buildActionMask = 2147483647;
			files = (
				47DCCC4F25D4659900365748 /* NewsAppUITests.swift in Sources */,
				47DCCC4525D4633100365748 /* NewsListUseCasesTest.swift in Sources */,
				47DCCC4725D4636600365748 /* NewsListViewModelTest.swift in Sources */,
				47DCCC4D25D4651A00365748 /* NewsDetailUseCasesTest.swift in Sources */,
			);
			runOnlyForDeploymentPostprocessing = 0;
		};
/* End PBXSourcesBuildPhase section */

/* Begin PBXTargetDependency section */
		4779423F25C59EFA005082D1 /* PBXTargetDependency */ = {
			isa = PBXTargetDependency;
			target = 4779422325C59EF5005082D1 /* NewsApp */;
			targetProxy = 4779423E25C59EFA005082D1 /* PBXContainerItemProxy */;
		};
/* End PBXTargetDependency section */

/* Begin PBXVariantGroup section */
		4779422D25C59EF5005082D1 /* Main.storyboard */ = {
			isa = PBXVariantGroup;
			children = (
				4779422E25C59EF5005082D1 /* Base */,
			);
			name = Main.storyboard;
			sourceTree = "<group>";
		};
		4779423525C59EFA005082D1 /* LaunchScreen.storyboard */ = {
			isa = PBXVariantGroup;
			children = (
				4779423625C59EFA005082D1 /* Base */,
			);
			name = LaunchScreen.storyboard;
			sourceTree = "<group>";
		};
/* End PBXVariantGroup section */

/* Begin XCBuildConfiguration section */
		4779424F25C59EFA005082D1 /* Debug */ = {
			isa = XCBuildConfiguration;
			buildSettings = {
				ALWAYS_SEARCH_USER_PATHS = NO;
				CLANG_ANALYZER_NONNULL = YES;
				CLANG_ANALYZER_NUMBER_OBJECT_CONVERSION = YES_AGGRESSIVE;
				CLANG_CXX_LANGUAGE_STANDARD = "gnu++14";
				CLANG_CXX_LIBRARY = "libc++";
				CLANG_ENABLE_MODULES = YES;
				CLANG_ENABLE_OBJC_ARC = YES;
				CLANG_ENABLE_OBJC_WEAK = YES;
				CLANG_WARN_BLOCK_CAPTURE_AUTORELEASING = YES;
				CLANG_WARN_BOOL_CONVERSION = YES;
				CLANG_WARN_COMMA = YES;
				CLANG_WARN_CONSTANT_CONVERSION = YES;
				CLANG_WARN_DEPRECATED_OBJC_IMPLEMENTATIONS = YES;
				CLANG_WARN_DIRECT_OBJC_ISA_USAGE = YES_ERROR;
				CLANG_WARN_DOCUMENTATION_COMMENTS = YES;
				CLANG_WARN_EMPTY_BODY = YES;
				CLANG_WARN_ENUM_CONVERSION = YES;
				CLANG_WARN_INFINITE_RECURSION = YES;
				CLANG_WARN_INT_CONVERSION = YES;
				CLANG_WARN_NON_LITERAL_NULL_CONVERSION = YES;
				CLANG_WARN_OBJC_IMPLICIT_RETAIN_SELF = YES;
				CLANG_WARN_OBJC_LITERAL_CONVERSION = YES;
				CLANG_WARN_OBJC_ROOT_CLASS = YES_ERROR;
				CLANG_WARN_RANGE_LOOP_ANALYSIS = YES;
				CLANG_WARN_STRICT_PROTOTYPES = YES;
				CLANG_WARN_SUSPICIOUS_MOVE = YES;
				CLANG_WARN_UNGUARDED_AVAILABILITY = YES_AGGRESSIVE;
				CLANG_WARN_UNREACHABLE_CODE = YES;
				CLANG_WARN__DUPLICATE_METHOD_MATCH = YES;
				COPY_PHASE_STRIP = NO;
				DEBUG_INFORMATION_FORMAT = dwarf;
				ENABLE_STRICT_OBJC_MSGSEND = YES;
				ENABLE_TESTABILITY = YES;
				GCC_C_LANGUAGE_STANDARD = gnu11;
				GCC_DYNAMIC_NO_PIC = NO;
				GCC_NO_COMMON_BLOCKS = YES;
				GCC_OPTIMIZATION_LEVEL = 0;
				GCC_PREPROCESSOR_DEFINITIONS = (
					"DEBUG=1",
					"$(inherited)",
				);
				GCC_WARN_64_TO_32_BIT_CONVERSION = YES;
				GCC_WARN_ABOUT_RETURN_TYPE = YES_ERROR;
				GCC_WARN_UNDECLARED_SELECTOR = YES;
				GCC_WARN_UNINITIALIZED_AUTOS = YES_AGGRESSIVE;
				GCC_WARN_UNUSED_FUNCTION = YES;
				GCC_WARN_UNUSED_VARIABLE = YES;
				IPHONEOS_DEPLOYMENT_TARGET = 13.1;
				MTL_ENABLE_DEBUG_INFO = INCLUDE_SOURCE;
				MTL_FAST_MATH = YES;
				ONLY_ACTIVE_ARCH = YES;
				SDKROOT = iphoneos;
				SWIFT_ACTIVE_COMPILATION_CONDITIONS = DEBUG;
				SWIFT_OPTIMIZATION_LEVEL = "-Onone";
			};
			name = Debug;
		};
		4779425025C59EFA005082D1 /* Release */ = {
			isa = XCBuildConfiguration;
			buildSettings = {
				ALWAYS_SEARCH_USER_PATHS = NO;
				CLANG_ANALYZER_NONNULL = YES;
				CLANG_ANALYZER_NUMBER_OBJECT_CONVERSION = YES_AGGRESSIVE;
				CLANG_CXX_LANGUAGE_STANDARD = "gnu++14";
				CLANG_CXX_LIBRARY = "libc++";
				CLANG_ENABLE_MODULES = YES;
				CLANG_ENABLE_OBJC_ARC = YES;
				CLANG_ENABLE_OBJC_WEAK = YES;
				CLANG_WARN_BLOCK_CAPTURE_AUTORELEASING = YES;
				CLANG_WARN_BOOL_CONVERSION = YES;
				CLANG_WARN_COMMA = YES;
				CLANG_WARN_CONSTANT_CONVERSION = YES;
				CLANG_WARN_DEPRECATED_OBJC_IMPLEMENTATIONS = YES;
				CLANG_WARN_DIRECT_OBJC_ISA_USAGE = YES_ERROR;
				CLANG_WARN_DOCUMENTATION_COMMENTS = YES;
				CLANG_WARN_EMPTY_BODY = YES;
				CLANG_WARN_ENUM_CONVERSION = YES;
				CLANG_WARN_INFINITE_RECURSION = YES;
				CLANG_WARN_INT_CONVERSION = YES;
				CLANG_WARN_NON_LITERAL_NULL_CONVERSION = YES;
				CLANG_WARN_OBJC_IMPLICIT_RETAIN_SELF = YES;
				CLANG_WARN_OBJC_LITERAL_CONVERSION = YES;
				CLANG_WARN_OBJC_ROOT_CLASS = YES_ERROR;
				CLANG_WARN_RANGE_LOOP_ANALYSIS = YES;
				CLANG_WARN_STRICT_PROTOTYPES = YES;
				CLANG_WARN_SUSPICIOUS_MOVE = YES;
				CLANG_WARN_UNGUARDED_AVAILABILITY = YES_AGGRESSIVE;
				CLANG_WARN_UNREACHABLE_CODE = YES;
				CLANG_WARN__DUPLICATE_METHOD_MATCH = YES;
				COPY_PHASE_STRIP = NO;
				DEBUG_INFORMATION_FORMAT = "dwarf-with-dsym";
				ENABLE_NS_ASSERTIONS = NO;
				ENABLE_STRICT_OBJC_MSGSEND = YES;
				GCC_C_LANGUAGE_STANDARD = gnu11;
				GCC_NO_COMMON_BLOCKS = YES;
				GCC_WARN_64_TO_32_BIT_CONVERSION = YES;
				GCC_WARN_ABOUT_RETURN_TYPE = YES_ERROR;
				GCC_WARN_UNDECLARED_SELECTOR = YES;
				GCC_WARN_UNINITIALIZED_AUTOS = YES_AGGRESSIVE;
				GCC_WARN_UNUSED_FUNCTION = YES;
				GCC_WARN_UNUSED_VARIABLE = YES;
				IPHONEOS_DEPLOYMENT_TARGET = 13.1;
				MTL_ENABLE_DEBUG_INFO = NO;
				MTL_FAST_MATH = YES;
				SDKROOT = iphoneos;
				SWIFT_COMPILATION_MODE = wholemodule;
				SWIFT_OPTIMIZATION_LEVEL = "-O";
				VALIDATE_PRODUCT = YES;
			};
			name = Release;
		};
		4779425225C59EFA005082D1 /* Debug */ = {
			isa = XCBuildConfiguration;
			buildSettings = {
				ASSETCATALOG_COMPILER_APPICON_NAME = AppIcon;
				CODE_SIGN_STYLE = Automatic;
				INFOPLIST_FILE = NewsApp/Info.plist;
				IPHONEOS_DEPLOYMENT_TARGET = 13.0;
				LD_RUNPATH_SEARCH_PATHS = (
					"$(inherited)",
					"@executable_path/Frameworks",
				);
				PRODUCT_BUNDLE_IDENTIFIER = com.NewsApp;
				PRODUCT_NAME = "$(TARGET_NAME)";
				SWIFT_VERSION = 5.0;
				TARGETED_DEVICE_FAMILY = "1,2";
			};
			name = Debug;
		};
		4779425325C59EFA005082D1 /* Release */ = {
			isa = XCBuildConfiguration;
			buildSettings = {
				ASSETCATALOG_COMPILER_APPICON_NAME = AppIcon;
				CODE_SIGN_STYLE = Automatic;
				INFOPLIST_FILE = NewsApp/Info.plist;
				IPHONEOS_DEPLOYMENT_TARGET = 13.0;
				LD_RUNPATH_SEARCH_PATHS = (
					"$(inherited)",
					"@executable_path/Frameworks",
				);
				PRODUCT_BUNDLE_IDENTIFIER = com.NewsApp;
				PRODUCT_NAME = "$(TARGET_NAME)";
				SWIFT_VERSION = 5.0;
				TARGETED_DEVICE_FAMILY = "1,2";
			};
			name = Release;
		};
		4779425525C59EFA005082D1 /* Debug */ = {
			isa = XCBuildConfiguration;
			buildSettings = {
				ALWAYS_EMBED_SWIFT_STANDARD_LIBRARIES = YES;
				BUNDLE_LOADER = "$(TEST_HOST)";
				CODE_SIGN_STYLE = Automatic;
				INFOPLIST_FILE = NewsAppTests/Info.plist;
				IPHONEOS_DEPLOYMENT_TARGET = 13.1;
				LD_RUNPATH_SEARCH_PATHS = (
					"$(inherited)",
					"@executable_path/Frameworks",
					"@loader_path/Frameworks",
				);
				PRODUCT_BUNDLE_IDENTIFIER = com.NewsAppTests;
				PRODUCT_NAME = "$(TARGET_NAME)";
				SWIFT_VERSION = 5.0;
				TARGETED_DEVICE_FAMILY = "1,2";
				TEST_HOST = "$(BUILT_PRODUCTS_DIR)/NewsApp.app/NewsApp";
			};
			name = Debug;
		};
		4779425625C59EFA005082D1 /* Release */ = {
			isa = XCBuildConfiguration;
			buildSettings = {
				ALWAYS_EMBED_SWIFT_STANDARD_LIBRARIES = YES;
				BUNDLE_LOADER = "$(TEST_HOST)";
				CODE_SIGN_STYLE = Automatic;
				INFOPLIST_FILE = NewsAppTests/Info.plist;
				IPHONEOS_DEPLOYMENT_TARGET = 13.1;
				LD_RUNPATH_SEARCH_PATHS = (
					"$(inherited)",
					"@executable_path/Frameworks",
					"@loader_path/Frameworks",
				);
				PRODUCT_BUNDLE_IDENTIFIER = com.NewsAppTests;
				PRODUCT_NAME = "$(TARGET_NAME)";
				SWIFT_VERSION = 5.0;
				TARGETED_DEVICE_FAMILY = "1,2";
				TEST_HOST = "$(BUILT_PRODUCTS_DIR)/NewsApp.app/NewsApp";
			};
			name = Release;
		};
/* End XCBuildConfiguration section */

/* Begin XCConfigurationList section */
		4779421F25C59EF5005082D1 /* Build configuration list for PBXProject "NewsApp" */ = {
			isa = XCConfigurationList;
			buildConfigurations = (
				4779424F25C59EFA005082D1 /* Debug */,
				4779425025C59EFA005082D1 /* Release */,
			);
			defaultConfigurationIsVisible = 0;
			defaultConfigurationName = Release;
		};
		4779425125C59EFA005082D1 /* Build configuration list for PBXNativeTarget "NewsApp" */ = {
			isa = XCConfigurationList;
			buildConfigurations = (
				4779425225C59EFA005082D1 /* Debug */,
				4779425325C59EFA005082D1 /* Release */,
			);
			defaultConfigurationIsVisible = 0;
			defaultConfigurationName = Release;
		};
		4779425425C59EFA005082D1 /* Build configuration list for PBXNativeTarget "NewsAppTests" */ = {
			isa = XCConfigurationList;
			buildConfigurations = (
				4779425525C59EFA005082D1 /* Debug */,
				4779425625C59EFA005082D1 /* Release */,
			);
			defaultConfigurationIsVisible = 0;
			defaultConfigurationName = Release;
		};
/* End XCConfigurationList section */

/* Begin XCVersionGroup section */
		4779423025C59EF5005082D1 /* NewsApp.xcdatamodeld */ = {
			isa = XCVersionGroup;
			children = (
				4779423125C59EF5005082D1 /* NewsApp.xcdatamodel */,
			);
			currentVersion = 4779423125C59EF5005082D1 /* NewsApp.xcdatamodel */;
			path = NewsApp.xcdatamodeld;
			sourceTree = "<group>";
			versionGroupType = wrapper.xcdatamodel;
		};
/* End XCVersionGroup section */
	};
	rootObject = 4779421C25C59EF5005082D1 /* Project object */;
}
